<Solution>
  <Project Path="Cocoar.SignalARRR.Server/Cocoar.SignalARRR.Server.csproj" />
  <Project Path="Cocoar.SignalARRR.Client/Cocoar.SignalARRR.Client.csproj" />
  <Project Path="Cocoar.SignalARRR.Common/Cocoar.SignalARRR.Common.csproj" />
  <Project Path="Cocoar.SignalARRR.ProxyGenerator/Cocoar.SignalARRR.ProxyGenerator.csproj" />
  <Project Path="Cocoar.SignalARRR.Contracts/Cocoar.SignalARRR.Contracts.csproj" />
  <Project Path="Cocoar.SignalARRR.SourceGenerator/Cocoar.SignalARRR.SourceGenerator.csproj" />
  <Project Path="tests/Cocoar.SignalARRR.Tests.SharedModels/Cocoar.SignalARRR.Tests.SharedModels.csproj" />
  <Project Path="tests/Cocoar.SignalARRR.Tests/Cocoar.SignalARRR.Tests.csproj" />
  <Project Path="tests/Cocoar.SignalARRR.IntegrationTests/Cocoar.SignalARRR.IntegrationTests.csproj" />
</Solution>
